
Microsoft Visual Studio Solution File, Format Version 12.00
# Visual Studio Version 16
VisualStudioVersion = 16.0.29911.98
MinimumVisualStudioVersion = 10.0.40219.1
Project("{9A19103F-16F7-4668-BE54-9A1E7A4F7556}") = "VogCodeChallenge.API", "VogCodeChallenge.API\VogCodeChallenge.API.csproj", "{574219E9-0810-4FCD-A52C-43BB61BCB4F5}"
EndProject
Project("{E53339B2-1760-4266-BCC7-CA923CBCF16C}") = "docker-compose", "docker-compose.dcproj", "{094FEB13-D764-4A99-B91D-355D00F060C6}"
EndProject
Global
	GlobalSection(SolutionConfigurationPlatforms) = preSolution
		Debug|Any CPU = Debug|Any CPU
		Release|Any CPU = Release|Any CPU
	EndGlobalSection
	GlobalSection(ProjectConfigurationPlatforms) = postSolution
		{574219E9-0810-4FCD-A52C-43BB61BCB4F5}.Debug|Any CPU.ActiveCfg = Debug|Any CPU
		{574219E9-0810-4FCD-A52C-43BB61BCB4F5}.Debug|Any CPU.Build.0 = Debug|Any CPU
		{574219E9-0810-4FCD-A52C-43BB61BCB4F5}.Release|Any CPU.ActiveCfg = Release|Any CPU
		{574219E9-0810-4FCD-A52C-43BB61BCB4F5}.Release|Any CPU.Build.0 = Release|Any CPU
		{094FEB13-D764-4A99-B91D-355D00F060C6}.Debug|Any CPU.ActiveCfg = Debug|Any CPU
		{094FEB13-D764-4A99-B91D-355D00F060C6}.Debug|Any CPU.Build.0 = Debug|Any CPU
		{094FEB13-D764-4A99-B91D-355D00F060C6}.Release|Any CPU.ActiveCfg = Release|Any CPU
		{094FEB13-D764-4A99-B91D-355D00F060C6}.Release|Any CPU.Build.0 = Release|Any CPU
	EndGlobalSection
	GlobalSection(SolutionProperties) = preSolution
		HideSolutionNode = FALSE
	EndGlobalSection
	GlobalSection(ExtensibilityGlobals) = postSolution
		SolutionGuid = {4F638EB4-A9BA-4E29-ABA3-FFAF2F197092}
	EndGlobalSection
EndGlobal
